PODS:
  - BigInt (3.1.0):
    - SipHash (~> 1.2)
  - DekuSanSDK (0.1.0):
    - BigInt
    - Result
  - Result (4.1.0)
  - SipHash (1.2.2)

DEPENDENCIES:
  - DekuSanSDK (from `../`)

SPEC REPOS:
  https://github.com/cocoapods/specs.git:
    - BigInt
    - Result
    - SipHash

EXTERNAL SOURCES:
  DekuSanSDK:
    :path: "../"

SPEC CHECKSUMS:
  BigInt: 76b5dfdfa3e2e478d4ffdf161aeede5502e2742f
  DekuSanSDK: 6f99df9af8de5909e6d9bd22e573c5c4492566fe
  Result: bd966fac789cc6c1563440b348ab2598cc24d5c7
  SipHash: fad90a4683e420c52ef28063063dbbce248ea6d4

PODFILE CHECKSUM: 2814c1620914aab8e8d739487ca2a48af61ab01f

COCOAPODS: 1.5.3
