PODS:
  - AloeStackView (1.0.1)
  - BigInt (3.1.0):
    - SipHash (~> 1.2)
  - CryptoSwift (0.14.0)
  - DekuSanSDK (0.2.0):
    - DekuSanSDK/Core (= 0.2.0)
  - DekuSanSDK/Core (0.2.0):
    - BigInt (~> 3.1.0)
    - Result (~> 4.0.0)
  - DekuSanSDK/Web3 (0.2.0):
    - CryptoSwift (~> 0.14.0)
    - DekuSanSDK/Core (~> 0.2.0)
    - web3swift (~> 2.0.0)
  - EthereumABI (1.1.1):
    - BigInt (~> 3.1)
    - CryptoSwift (~> 0.13)
    - EthereumAddress (~> 1.0.0)
  - EthereumAddress (1.0.0):
    - CryptoSwift (~> 0.13)
  - PromiseKit (6.8.3):
    - PromiseKit/CorePromise (= 6.8.3)
    - PromiseKit/Foundation (= 6.8.3)
    - PromiseKit/UIKit (= 6.8.3)
  - PromiseKit/CorePromise (6.8.3)
  - PromiseKit/Foundation (6.8.3):
    - PromiseKit/CorePromise
  - PromiseKit/UIKit (6.8.3):
    - PromiseKit/CorePromise
  - Result (4.0.1)
  - scrypt (2.0):
    - CryptoSwift (~> 0.11)
  - secp256k1_swift (1.0.3)
  - SipHash (1.2.2)
  - SnapKit (4.2.0)
  - SwiftRLP (1.2):
    - BigInt (~> 3.1)
  - web3swift (2.0.1):
    - BigInt (~> 3.1)
    - CryptoSwift (~> 0.13)
    - EthereumABI (~> 1.1.1)
    - EthereumAddress (~> 1.0.0)
    - PromiseKit (~> 6.3)
    - scrypt (~> 2.0)
    - secp256k1_swift (~> 1.0.3)
    - SwiftRLP (~> 1.1)

DEPENDENCIES:
  - AloeStackView
  - CryptoSwift
  - DekuSanSDK (from `../`)
  - DekuSanSDK/Web3 (from `../`)
  - SnapKit
  - web3swift (from `https://github.com/dexon-foundation/web3swift`, branch `develop`)

SPEC REPOS:
  https://github.com/cocoapods/specs.git:
    - AloeStackView
    - BigInt
    - CryptoSwift
    - EthereumABI
    - EthereumAddress
    - PromiseKit
    - Result
    - scrypt
    - secp256k1_swift
    - SipHash
    - SnapKit
    - SwiftRLP

EXTERNAL SOURCES:
  DekuSanSDK:
    :path: "../"
  web3swift:
    :branch: develop
    :git: https://github.com/dexon-foundation/web3swift

CHECKOUT OPTIONS:
  web3swift:
    :commit: 221b953af583b520387756e61a5a4f63176e2483
    :git: https://github.com/dexon-foundation/web3swift

SPEC CHECKSUMS:
  AloeStackView: d22c006da4510db5e220968234174654b5ed6ea5
  BigInt: 76b5dfdfa3e2e478d4ffdf161aeede5502e2742f
  CryptoSwift: 35a10419f4dbf0619c13f8c1c180037e115323fa
  DekuSanSDK: 2625e6d2ebabc117e89ca8b80c78abaaba2a4fe9
  EthereumABI: f040f5429e5a4366d028c88b88d9441e137593af
  EthereumAddress: f476e1320dca3a0024431e713ede7a09c7eb7796
  PromiseKit: 94c6e781838c5bf4717677d0d882b0e7250c80fc
  Result: a6e784bebf48b471d59cddc1adb81f41f678c487
  scrypt: 3fe5b1a3b0976f97cd87488673a8f7c65708cc84
  secp256k1_swift: 4fc5c4b2d2c6d21ee8ccb868cdc92da12f38bed9
  SipHash: fad90a4683e420c52ef28063063dbbce248ea6d4
  SnapKit: fe8a619752f3f27075cc9a90244d75c6c3f27e2a
  SwiftRLP: 98a02b2210128353ca02e4c2f4d83e2a9796db4f
  web3swift: aadc7a9b0c3b0384227eff181e39ba24ebfcd76c

PODFILE CHECKSUM: cba29f614afef4220e3437e1e373a78425423890

COCOAPODS: 1.6.1
