PODS:
  - BigInt (3.1.0):
    - SipHash (~> 1.2)
  - DekuSanSDK (0.1.0):
    - BigInt
    - Result
  - Result (4.1.0)
  - SipHash (1.2.2)

DEPENDENCIES:
  - DekuSanSDK (from `../`)

SPEC REPOS:
  https://github.com/cocoapods/specs.git:
    - BigInt
    - Result
    - SipHash

EXTERNAL SOURCES:
  DekuSanSDK:
    :path: "../"

SPEC CHECKSUMS:
  BigInt: 76b5dfdfa3e2e478d4ffdf161aeede5502e2742f
  DekuSanSDK: bc3b67a75d0c34472f260cfa4722822665771654
  Result: bd966fac789cc6c1563440b348ab2598cc24d5c7
  SipHash: fad90a4683e420c52ef28063063dbbce248ea6d4

PODFILE CHECKSUM: 883ef8faf4c78b316cc96aa99de79c82fcfbb192

COCOAPODS: 1.5.3
